
Microsoft Visual Studio Solution File, Format Version 12.00
# Visual Studio 14
VisualStudioVersion = 14.0.25123.0
MinimumVisualStudioVersion = 10.0.40219.1
Project("{FAE04EC0-301F-11D3-BF4B-00C04F79EFBC}") = "MvcCms", "MvcCms\MvcCms.csproj", "{01B78FDF-D855-43E4-ACE7-86B0408DC539}"
EndProject
Project("{FAE04EC0-301F-11D3-BF4B-00C04F79EFBC}") = "MvcCms.Tests", "MvcCms.Tests\MvcCms.Tests.csproj", "{D6338341-8565-4264-A353-E60673B7965F}"
EndProject
Global
	GlobalSection(SolutionConfigurationPlatforms) = preSolution
		Debug|Any CPU = Debug|Any CPU
		Release|Any CPU = Release|Any CPU
	EndGlobalSection
	GlobalSection(ProjectConfigurationPlatforms) = postSolution
		{01B78FDF-D855-43E4-ACE7-86B0408DC539}.Debug|Any CPU.ActiveCfg = Debug|Any CPU
		{01B78FDF-D855-43E4-ACE7-86B0408DC539}.Debug|Any CPU.Build.0 = Debug|Any CPU
		{01B78FDF-D855-43E4-ACE7-86B0408DC539}.Release|Any CPU.ActiveCfg = Release|Any CPU
		{01B78FDF-D855-43E4-ACE7-86B0408DC539}.Release|Any CPU.Build.0 = Release|Any CPU
		{D6338341-8565-4264-A353-E60673B7965F}.Debug|Any CPU.ActiveCfg = Debug|Any CPU
		{D6338341-8565-4264-A353-E60673B7965F}.Debug|Any CPU.Build.0 = Debug|Any CPU
		{D6338341-8565-4264-A353-E60673B7965F}.Release|Any CPU.ActiveCfg = Release|Any CPU
		{D6338341-8565-4264-A353-E60673B7965F}.Release|Any CPU.Build.0 = Release|Any CPU
	EndGlobalSection
	GlobalSection(SolutionProperties) = preSolution
		HideSolutionNode = FALSE
	EndGlobalSection
EndGlobal
